
Microsoft Visual Studio Solution File, Format Version 12.00
# Visual Studio Version 16
VisualStudioVersion = 16.0.30114.105
MinimumVisualStudioVersion = 10.0.40219.1
Project("{FAE04EC0-301F-11D3-BF4B-00C04F79EFBC}") = "FormulaAirLine.API", "FormulaAirLine.API\FormulaAirLine.API.csproj", "{719FCA3A-E88E-43B2-8EF9-E1D85E459475}"
EndProject
Project("{FAE04EC0-301F-11D3-BF4B-00C04F79EFBC}") = "FormulaAirline.BookingProcessing", "FormulaAirline.BookingProcessing\FormulaAirline.BookingProcessing.csproj", "{D50434B2-C2ED-492C-843E-F216170902F1}"
EndProject
Global
	GlobalSection(SolutionConfigurationPlatforms) = preSolution
		Debug|Any CPU = Debug|Any CPU
		Release|Any CPU = Release|Any CPU
	EndGlobalSection
	GlobalSection(SolutionProperties) = preSolution
		HideSolutionNode = FALSE
	EndGlobalSection
	GlobalSection(ProjectConfigurationPlatforms) = postSolution
		{719FCA3A-E88E-43B2-8EF9-E1D85E459475}.Debug|Any CPU.ActiveCfg = Debug|Any CPU
		{719FCA3A-E88E-43B2-8EF9-E1D85E459475}.Debug|Any CPU.Build.0 = Debug|Any CPU
		{719FCA3A-E88E-43B2-8EF9-E1D85E459475}.Release|Any CPU.ActiveCfg = Release|Any CPU
		{719FCA3A-E88E-43B2-8EF9-E1D85E459475}.Release|Any CPU.Build.0 = Release|Any CPU
		{D50434B2-C2ED-492C-843E-F216170902F1}.Debug|Any CPU.ActiveCfg = Debug|Any CPU
		{D50434B2-C2ED-492C-843E-F216170902F1}.Debug|Any CPU.Build.0 = Debug|Any CPU
		{D50434B2-C2ED-492C-843E-F216170902F1}.Release|Any CPU.ActiveCfg = Release|Any CPU
		{D50434B2-C2ED-492C-843E-F216170902F1}.Release|Any CPU.Build.0 = Release|Any CPU
	EndGlobalSection
EndGlobal
